
Microsoft Visual Studio Solution File, Format Version 12.00
# Visual Studio Version 16
VisualStudioVersion = 16.0.34301.259
MinimumVisualStudioVersion = 10.0.40219.1
Project("{FAE04EC0-301F-11D3-BF4B-00C04F79EFBC}") = "SportInventory", "SportInventory\SportInventory.csproj", "{0E651EF1-6EAC-421F-8F8C-890FFC7199FF}"
EndProject
Global
	GlobalSection(SolutionConfigurationPlatforms) = preSolution
		Debug|Any CPU = Debug|Any CPU
		Release|Any CPU = Release|Any CPU
	EndGlobalSection
	GlobalSection(ProjectConfigurationPlatforms) = postSolution
		{0E651EF1-6EAC-421F-8F8C-890FFC7199FF}.Debug|Any CPU.ActiveCfg = Debug|Any CPU
		{0E651EF1-6EAC-421F-8F8C-890FFC7199FF}.Debug|Any CPU.Build.0 = Debug|Any CPU
		{0E651EF1-6EAC-421F-8F8C-890FFC7199FF}.Release|Any CPU.ActiveCfg = Release|Any CPU
		{0E651EF1-6EAC-421F-8F8C-890FFC7199FF}.Release|Any CPU.Build.0 = Release|Any CPU
	EndGlobalSection
	GlobalSection(SolutionProperties) = preSolution
		HideSolutionNode = FALSE
	EndGlobalSection
	GlobalSection(ExtensibilityGlobals) = postSolution
		SolutionGuid = {E65BA2EE-37BB-4142-AC12-9F572FD5861E}
	EndGlobalSection
EndGlobal
